
Microsoft Visual Studio Solution File, Format Version 12.00
# Visual Studio Version 17
VisualStudioVersion = 17.2.32516.85
MinimumVisualStudioVersion = 10.0.40219.1
Project("{FAE04EC0-301F-11D3-BF4B-00C04F79EFBC}") = "miapr_lb1", "miapr_lb1\miapr_lb1.csproj", "{999B028B-0A79-485C-BE22-9A3C242E2AEF}"
EndProject
Global
	GlobalSection(SolutionConfigurationPlatforms) = preSolution
		Debug|Any CPU = Debug|Any CPU
		Release|Any CPU = Release|Any CPU
	EndGlobalSection
	GlobalSection(ProjectConfigurationPlatforms) = postSolution
		{999B028B-0A79-485C-BE22-9A3C242E2AEF}.Debug|Any CPU.ActiveCfg = Debug|Any CPU
		{999B028B-0A79-485C-BE22-9A3C242E2AEF}.Debug|Any CPU.Build.0 = Debug|Any CPU
		{999B028B-0A79-485C-BE22-9A3C242E2AEF}.Release|Any CPU.ActiveCfg = Release|Any CPU
		{999B028B-0A79-485C-BE22-9A3C242E2AEF}.Release|Any CPU.Build.0 = Release|Any CPU
	EndGlobalSection
	GlobalSection(SolutionProperties) = preSolution
		HideSolutionNode = FALSE
	EndGlobalSection
	GlobalSection(ExtensibilityGlobals) = postSolution
		SolutionGuid = {4F429804-0482-4277-9F93-2E9909CB94FD}
	EndGlobalSection
EndGlobal
